// !$*UTF8*$!
{
	archiveVersion = 1;
	classes = {
	};
	objectVersion = 46;
	objects = {

/* Begin PBXBuildFile section */
		F416EB2D19E4679A00341E67 /* main.m in Sources */ = {isa = PBXBuildFile; fileRef = F416EB2C19E4679A00341E67 /* main.m */; };
		F416EB3019E4679A00341E67 /* AppDelegate.m in Sources */ = {isa = PBXBuildFile; fileRef = F416EB2F19E4679A00341E67 /* AppDelegate.m */; };
		F416EB3319E4679A00341E67 /* ViewController.m in Sources */ = {isa = PBXBuildFile; fileRef = F416EB3219E4679A00341E67 /* ViewController.m */; };
		F416EB3619E4679A00341E67 /* Main.storyboard in Resources */ = {isa = PBXBuildFile; fileRef = F416EB3419E4679A00341E67 /* Main.storyboard */; };
		F416EB3819E4679A00341E67 /* Images.xcassets in Resources */ = {isa = PBXBuildFile; fileRef = F416EB3719E4679A00341E67 /* Images.xcassets */; };
		F416EB3B19E4679A00341E67 /* LaunchScreen.xib in Resources */ = {isa = PBXBuildFile; fileRef = F416EB3919E4679A00341E67 /* LaunchScreen.xib */; };
		F416EB4719E4679A00341E67 /* MCMSTests.m in Sources */ = {isa = PBXBuildFile; fileRef = F416EB4619E4679A00341E67 /* MCMSTests.m */; };
		F416EB5519E467E300341E67 /* MagicalCreature.m in Sources */ = {isa = PBXBuildFile; fileRef = F416EB5419E467E300341E67 /* MagicalCreature.m */; };
		F4B2B72419E476D60034623E /* CreatureViewController.m in Sources */ = {isa = PBXBuildFile; fileRef = F4B2B72319E476D60034623E /* CreatureViewController.m */; };
		F4B2B72719E574830034623E /* BattleViewController.m in Sources */ = {isa = PBXBuildFile; fileRef = F4B2B72619E574830034623E /* BattleViewController.m */; };
/* End PBXBuildFile section */

/* Begin PBXContainerItemProxy section */
		F416EB4119E4679A00341E67 /* PBXContainerItemProxy */ = {
			isa = PBXContainerItemProxy;
			containerPortal = F416EB1F19E4679A00341E67 /* Project object */;
			proxyType = 1;
			remoteGlobalIDString = F416EB2619E4679A00341E67;
			remoteInfo = MCMS;
		};
/* End PBXContainerItemProxy section */

/* Begin PBXFileReference section */
		F416EB2719E4679A00341E67 /* MCMS.app */ = {isa = PBXFileReference; explicitFileType = wrapper.application; includeInIndex = 0; path = MCMS.app; sourceTree = BUILT_PRODUCTS_DIR; };
		F416EB2B19E4679A00341E67 /* Info.plist */ = {isa = PBXFileReference; lastKnownFileType = text.plist.xml; path = Info.plist; sourceTree = "<group>"; };
		F416EB2C19E4679A00341E67 /* main.m */ = {isa = PBXFileReference; lastKnownFileType = sourcecode.c.objc; path = main.m; sourceTree = "<group>"; };
		F416EB2E19E4679A00341E67 /* AppDelegate.h */ = {isa = PBXFileReference; lastKnownFileType = sourcecode.c.h; path = AppDelegate.h; sourceTree = "<group>"; };
		F416EB2F19E4679A00341E67 /* AppDelegate.m */ = {isa = PBXFileReference; lastKnownFileType = sourcecode.c.objc; path = AppDelegate.m; sourceTree = "<group>"; };
		F416EB3119E4679A00341E67 /* ViewController.h */ = {isa = PBXFileReference; lastKnownFileType = sourcecode.c.h; path = ViewController.h; sourceTree = "<group>"; };
		F416EB3219E4679A00341E67 /* ViewController.m */ = {isa = PBXFileReference; lastKnownFileType = sourcecode.c.objc; path = ViewController.m; sourceTree = "<group>"; };
		F416EB3519E4679A00341E67 /* Base */ = {isa = PBXFileReference; lastKnownFileType = file.storyboard; name = Base; path = Base.lproj/Main.storyboard; sourceTree = "<group>"; };
		F416EB3719E4679A00341E67 /* Images.xcassets */ = {isa = PBXFileReference; lastKnownFileType = folder.assetcatalog; path = Images.xcassets; sourceTree = "<group>"; };
		F416EB3A19E4679A00341E67 /* Base */ = {isa = PBXFileReference; lastKnownFileType = file.xib; name = Base; path = Base.lproj/LaunchScreen.xib; sourceTree = "<group>"; };
		F416EB4019E4679A00341E67 /* MCMSTests.xctest */ = {isa = PBXFileReference; explicitFileType = wrapper.cfbundle; includeInIndex = 0; path = MCMSTests.xctest; sourceTree = BUILT_PRODUCTS_DIR; };
		F416EB4519E4679A00341E67 /* Info.plist */ = {isa = PBXFileReference; lastKnownFileType = text.plist.xml; path = Info.plist; sourceTree = "<group>"; };
		F416EB4619E4679A00341E67 /* MCMSTests.m */ = {isa = PBXFileReference; lastKnownFileType = sourcecode.c.objc; path = MCMSTests.m; sourceTree = "<group>"; };
		F416EB5319E467E300341E67 /* MagicalCreature.h */ = {isa = PBXFileReference; fileEncoding = 4; lastKnownFileType = sourcecode.c.h; path = MagicalCreature.h; sourceTree = "<group>"; };
		F416EB5419E467E300341E67 /* MagicalCreature.m */ = {isa = PBXFileReference; fileEncoding = 4; lastKnownFileType = sourcecode.c.objc; path = MagicalCreature.m; sourceTree = "<group>"; };
		F4B2B72219E476D60034623E /* CreatureViewController.h */ = {isa = PBXFileReference; fileEncoding = 4; lastKnownFileType = sourcecode.c.h; path = CreatureViewController.h; sourceTree = "<group>"; };
		F4B2B72319E476D60034623E /* CreatureViewController.m */ = {isa = PBXFileReference; fileEncoding = 4; lastKnownFileType = sourcecode.c.objc; path = CreatureViewController.m; sourceTree = "<group>"; };
		F4B2B72519E574830034623E /* BattleViewController.h */ = {isa = PBXFileReference; fileEncoding = 4; lastKnownFileType = sourcecode.c.h; path = BattleViewController.h; sourceTree = "<group>"; };
		F4B2B72619E574830034623E /* BattleViewController.m */ = {isa = PBXFileReference; fileEncoding = 4; lastKnownFileType = sourcecode.c.objc; path = BattleViewController.m; sourceTree = "<group>"; };
/* End PBXFileReference section */

/* Begin PBXFrameworksBuildPhase section */
		F416EB2419E4679A00341E67 /* Frameworks */ = {
			isa = PBXFrameworksBuildPhase;
			buildActionMask = 2147483647;
			files = (
			);
			runOnlyForDeploymentPostprocessing = 0;
		};
		F416EB3D19E4679A00341E67 /* Frameworks */ = {
			isa = PBXFrameworksBuildPhase;
			buildActionMask = 2147483647;
			files = (
			);
			runOnlyForDeploymentPostprocessing = 0;
		};
/* End PBXFrameworksBuildPhase section */

/* Begin PBXGroup section */
		F416EB1E19E4679A00341E67 = {
			isa = PBXGroup;
			children = (
				F416EB2919E4679A00341E67 /* MCMS */,
				F416EB4319E4679A00341E67 /* MCMSTests */,
				F416EB2819E4679A00341E67 /* Products */,
			);
			sourceTree = "<group>";
		};
		F416EB2819E4679A00341E67 /* Products */ = {
			isa = PBXGroup;
			children = (
				F416EB2719E4679A00341E67 /* MCMS.app */,
				F416EB4019E4679A00341E67 /* MCMSTests.xctest */,
			);
			name = Products;
			sourceTree = "<group>";
		};
		F416EB2919E4679A00341E67 /* MCMS */ = {
			isa = PBXGroup;
			children = (
				F416EB2E19E4679A00341E67 /* AppDelegate.h */,
				F416EB2F19E4679A00341E67 /* AppDelegate.m */,
				F416EB3119E4679A00341E67 /* ViewController.h */,
				F416EB3219E4679A00341E67 /* ViewController.m */,
				F416EB3419E4679A00341E67 /* Main.storyboard */,
				F4B2B72519E574830034623E /* BattleViewController.h */,
				F4B2B72619E574830034623E /* BattleViewController.m */,
				F4B2B72219E476D60034623E /* CreatureViewController.h */,
				F4B2B72319E476D60034623E /* CreatureViewController.m */,
				F416EB3719E4679A00341E67 /* Images.xcassets */,
				F416EB3919E4679A00341E67 /* LaunchScreen.xib */,
				F416EB2A19E4679A00341E67 /* Supporting Files */,
				F416EB5319E467E300341E67 /* MagicalCreature.h */,
				F416EB5419E467E300341E67 /* MagicalCreature.m */,
			);
			path = MCMS;
			sourceTree = "<group>";
		};
		F416EB2A19E4679A00341E67 /* Supporting Files */ = {
			isa = PBXGroup;
			children = (
				F416EB2B19E4679A00341E67 /* Info.plist */,
				F416EB2C19E4679A00341E67 /* main.m */,
			);
			name = "Supporting Files";
			sourceTree = "<group>";
		};
		F416EB4319E4679A00341E67 /* MCMSTests */ = {
			isa = PBXGroup;
			children = (
				F416EB4619E4679A00341E67 /* MCMSTests.m */,
				F416EB4419E4679A00341E67 /* Supporting Files */,
			);
			path = MCMSTests;
			sourceTree = "<group>";
		};
		F416EB4419E4679A00341E67 /* Supporting Files */ = {
			isa = PBXGroup;
			children = (
				F416EB4519E4679A00341E67 /* Info.plist */,
			);
			name = "Supporting Files";
			sourceTree = "<group>";
		};
/* End PBXGroup section */

/* Begin PBXNativeTarget section */
		F416EB2619E4679A00341E67 /* MCMS */ = {
			isa = PBXNativeTarget;
			buildConfigurationList = F416EB4A19E4679A00341E67 /* Build configuration list for PBXNativeTarget "MCMS" */;
			buildPhases = (
				F416EB2319E4679A00341E67 /* Sources */,
				F416EB2419E4679A00341E67 /* Frameworks */,
				F416EB2519E4679A00341E67 /* Resources */,
			);
			buildRules = (
			);
			dependencies = (
			);
			name = MCMS;
			productName = MCMS;
			productReference = F416EB2719E4679A00341E67 /* MCMS.app */;
			productType = "com.apple.product-type.application";
		};
		F416EB3F19E4679A00341E67 /* MCMSTests */ = {
			isa = PBXNativeTarget;
			buildConfigurationList = F416EB4D19E4679A00341E67 /* Build configuration list for PBXNativeTarget "MCMSTests" */;
			buildPhases = (
				F416EB3C19E4679A00341E67 /* Sources */,
				F416EB3D19E4679A00341E67 /* Frameworks */,
				F416EB3E19E4679A00341E67 /* Resources */,
			);
			buildRules = (
			);
			dependencies = (
				F416EB4219E4679A00341E67 /* PBXTargetDependency */,
			);
			name = MCMSTests;
			productName = MCMSTests;
			productReference = F416EB4019E4679A00341E67 /* MCMSTests.xctest */;
			productType = "com.apple.product-type.bundle.unit-test";
		};
/* End PBXNativeTarget section */

/* Begin PBXProject section */
		F416EB1F19E4679A00341E67 /* Project object */ = {
			isa = PBXProject;
			attributes = {
				LastUpgradeCheck = 0600;
				ORGANIZATIONNAME = learningIOS;
				TargetAttributes = {
					F416EB2619E4679A00341E67 = {
						CreatedOnToolsVersion = 6.0.1;
					};
					F416EB3F19E4679A00341E67 = {
						CreatedOnToolsVersion = 6.0.1;
						TestTargetID = F416EB2619E4679A00341E67;
					};
				};
			};
			buildConfigurationList = F416EB2219E4679A00341E67 /* Build configuration list for PBXProject "MCMS" */;
			compatibilityVersion = "Xcode 3.2";
			developmentRegion = English;
			hasScannedForEncodings = 0;
			knownRegions = (
				en,
				Base,
			);
			mainGroup = F416EB1E19E4679A00341E67;
			productRefGroup = F416EB2819E4679A00341E67 /* Products */;
			projectDirPath = "";
			projectRoot = "";
			targets = (
				F416EB2619E4679A00341E67 /* MCMS */,
				F416EB3F19E4679A00341E67 /* MCMSTests */,
			);
		};
/* End PBXProject section */

/* Begin PBXResourcesBuildPhase section */
		F416EB2519E4679A00341E67 /* Resources */ = {
			isa = PBXResourcesBuildPhase;
			buildActionMask = 2147483647;
			files = (
				F416EB3619E4679A00341E67 /* Main.storyboard in Resources */,
				F416EB3B19E4679A00341E67 /* LaunchScreen.xib in Resources */,
				F416EB3819E4679A00341E67 /* Images.xcassets in Resources */,
			);
			runOnlyForDeploymentPostprocessing = 0;
		};
		F416EB3E19E4679A00341E67 /* Resources */ = {
			isa = PBXResourcesBuildPhase;
			buildActionMask = 2147483647;
			files = (
			);
			runOnlyForDeploymentPostprocessing = 0;
		};
/* End PBXResourcesBuildPhase section */

/* Begin PBXSourcesBuildPhase section */
		F416EB2319E4679A00341E67 /* Sources */ = {
			isa = PBXSourcesBuildPhase;
			buildActionMask = 2147483647;
			files = (
				F416EB3319E4679A00341E67 /* ViewController.m in Sources */,
				F416EB5519E467E300341E67 /* MagicalCreature.m in Sources */,
				F4B2B72719E574830034623E /* BattleViewController.m in Sources */,
				F416EB3019E4679A00341E67 /* AppDelegate.m in Sources */,
				F4B2B72419E476D60034623E /* CreatureViewController.m in Sources */,
				F416EB2D19E4679A00341E67 /* main.m in Sources */,
			);
			runOnlyForDeploymentPostprocessing = 0;
		};
		F416EB3C19E4679A00341E67 /* Sources */ = {
			isa = PBXSourcesBuildPhase;
			buildActionMask = 2147483647;
			files = (
				F416EB4719E4679A00341E67 /* MCMSTests.m in Sources */,
			);
			runOnlyForDeploymentPostprocessing = 0;
		};
/* End PBXSourcesBuildPhase section */

/* Begin PBXTargetDependency section */
		F416EB4219E4679A00341E67 /* PBXTargetDependency */ = {
			isa = PBXTargetDependency;
			target = F416EB2619E4679A00341E67 /* MCMS */;
			targetProxy = F416EB4119E4679A00341E67 /* PBXContainerItemProxy */;
		};
/* End PBXTargetDependency section */

/* Begin PBXVariantGroup section */
		F416EB3419E4679A00341E67 /* Main.storyboard */ = {
			isa = PBXVariantGroup;
			children = (
				F416EB3519E4679A00341E67 /* Base */,
			);
			name = Main.storyboard;
			sourceTree = "<group>";
		};
		F416EB3919E4679A00341E67 /* LaunchScreen.xib */ = {
			isa = PBXVariantGroup;
			children = (
				F416EB3A19E4679A00341E67 /* Base */,
			);
			name = LaunchScreen.xib;
			sourceTree = "<group>";
		};
/* End PBXVariantGroup section */

/* Begin XCBuildConfiguration section */
		F416EB4819E4679A00341E67 /* Debug */ = {
			isa = XCBuildConfiguration;
			buildSettings = {
				ALWAYS_SEARCH_USER_PATHS = NO;
				CLANG_CXX_LANGUAGE_STANDARD = "gnu++0x";
				CLANG_CXX_LIBRARY = "libc++";
				CLANG_ENABLE_MODULES = YES;
				CLANG_ENABLE_OBJC_ARC = YES;
				CLANG_WARN_BOOL_CONVERSION = YES;
				CLANG_WARN_CONSTANT_CONVERSION = YES;
				CLANG_WARN_DIRECT_OBJC_ISA_USAGE = YES_ERROR;
				CLANG_WARN_EMPTY_BODY = YES;
				CLANG_WARN_ENUM_CONVERSION = YES;
				CLANG_WARN_INT_CONVERSION = YES;
				CLANG_WARN_OBJC_ROOT_CLASS = YES_ERROR;
				CLANG_WARN_UNREACHABLE_CODE = YES;
				CLANG_WARN__DUPLICATE_METHOD_MATCH = YES;
				"CODE_SIGN_IDENTITY[sdk=iphoneos*]" = "iPhone Developer";
				COPY_PHASE_STRIP = NO;
				ENABLE_STRICT_OBJC_MSGSEND = YES;
				GCC_C_LANGUAGE_STANDARD = gnu99;
				GCC_DYNAMIC_NO_PIC = NO;
				GCC_OPTIMIZATION_LEVEL = 0;
				GCC_PREPROCESSOR_DEFINITIONS = (
					"DEBUG=1",
					"$(inherited)",
				);
				GCC_SYMBOLS_PRIVATE_EXTERN = NO;
				GCC_WARN_64_TO_32_BIT_CONVERSION = YES;
				GCC_WARN_ABOUT_RETURN_TYPE = YES_ERROR;
				GCC_WARN_UNDECLARED_SELECTOR = YES;
				GCC_WARN_UNINITIALIZED_AUTOS = YES_AGGRESSIVE;
				GCC_WARN_UNUSED_FUNCTION = YES;
				GCC_WARN_UNUSED_VARIABLE = YES;
				IPHONEOS_DEPLOYMENT_TARGET = 8.0;
				MTL_ENABLE_DEBUG_INFO = YES;
				ONLY_ACTIVE_ARCH = YES;
				SDKROOT = iphoneos;
			};
			name = Debug;
		};
		F416EB4919E4679A00341E67 /* Release */ = {
			isa = XCBuildConfiguration;
			buildSettings = {
				ALWAYS_SEARCH_USER_PATHS = NO;
				CLANG_CXX_LANGUAGE_STANDARD = "gnu++0x";
				CLANG_CXX_LIBRARY = "libc++";
				CLANG_ENABLE_MODULES = YES;
				CLANG_ENABLE_OBJC_ARC = YES;
				CLANG_WARN_BOOL_CONVERSION = YES;
				CLANG_WARN_CONSTANT_CONVERSION = YES;
				CLANG_WARN_DIRECT_OBJC_ISA_USAGE = YES_ERROR;
				CLANG_WARN_EMPTY_BODY = YES;
				CLANG_WARN_ENUM_CONVERSION = YES;
				CLANG_WARN_INT_CONVERSION = YES;
				CLANG_WARN_OBJC_ROOT_CLASS = YES_ERROR;
				CLANG_WARN_UNREACHABLE_CODE = YES;
				CLANG_WARN__DUPLICATE_METHOD_MATCH = YES;
				"CODE_SIGN_IDENTITY[sdk=iphoneos*]" = "iPhone Developer";
				COPY_PHASE_STRIP = YES;
				ENABLE_NS_ASSERTIONS = NO;
				ENABLE_STRICT_OBJC_MSGSEND = YES;
				GCC_C_LANGUAGE_STANDARD = gnu99;
				GCC_WARN_64_TO_32_BIT_CONVERSION = YES;
				GCC_WARN_ABOUT_RETURN_TYPE = YES_ERROR;
				GCC_WARN_UNDECLARED_SELECTOR = YES;
				GCC_WARN_UNINITIALIZED_AUTOS = YES_AGGRESSIVE;
				GCC_WARN_UNUSED_FUNCTION = YES;
				GCC_WARN_UNUSED_VARIABLE = YES;
				IPHONEOS_DEPLOYMENT_TARGET = 8.0;
				MTL_ENABLE_DEBUG_INFO = NO;
				SDKROOT = iphoneos;
				VALIDATE_PRODUCT = YES;
			};
			name = Release;
		};
		F416EB4B19E4679A00341E67 /* Debug */ = {
			isa = XCBuildConfiguration;
			buildSettings = {
				ASSETCATALOG_COMPILER_APPICON_NAME = AppIcon;
				INFOPLIST_FILE = MCMS/Info.plist;
				LD_RUNPATH_SEARCH_PATHS = "$(inherited) @executable_path/Frameworks";
				PRODUCT_NAME = "$(TARGET_NAME)";
			};
			name = Debug;
		};
		F416EB4C19E4679A00341E67 /* Release */ = {
			isa = XCBuildConfiguration;
			buildSettings = {
				ASSETCATALOG_COMPILER_APPICON_NAME = AppIcon;
				INFOPLIST_FILE = MCMS/Info.plist;
				LD_RUNPATH_SEARCH_PATHS = "$(inherited) @executable_path/Frameworks";
				PRODUCT_NAME = "$(TARGET_NAME)";
			};
			name = Release;
		};
		F416EB4E19E4679A00341E67 /* Debug */ = {
			isa = XCBuildConfiguration;
			buildSettings = {
				BUNDLE_LOADER = "$(TEST_HOST)";
				FRAMEWORK_SEARCH_PATHS = (
					"$(SDKROOT)/Developer/Library/Frameworks",
					"$(inherited)",
				);
				GCC_PREPROCESSOR_DEFINITIONS = (
					"DEBUG=1",
					"$(inherited)",
				);
				INFOPLIST_FILE = MCMSTests/Info.plist;
				LD_RUNPATH_SEARCH_PATHS = "$(inherited) @executable_path/Frameworks @loader_path/Frameworks";
				PRODUCT_NAME = "$(TARGET_NAME)";
				TEST_HOST = "$(BUILT_PRODUCTS_DIR)/MCMS.app/MCMS";
			};
			name = Debug;
		};
		F416EB4F19E4679A00341E67 /* Release */ = {
			isa = XCBuildConfiguration;
			buildSettings = {
				BUNDLE_LOADER = "$(TEST_HOST)";
				FRAMEWORK_SEARCH_PATHS = (
					"$(SDKROOT)/Developer/Library/Frameworks",
					"$(inherited)",
				);
				INFOPLIST_FILE = MCMSTests/Info.plist;
				LD_RUNPATH_SEARCH_PATHS = "$(inherited) @executable_path/Frameworks @loader_path/Frameworks";
				PRODUCT_NAME = "$(TARGET_NAME)";
				TEST_HOST = "$(BUILT_PRODUCTS_DIR)/MCMS.app/MCMS";
			};
			name = Release;
		};
/* End XCBuildConfiguration section */

/* Begin XCConfigurationList section */
		F416EB2219E4679A00341E67 /* Build configuration list for PBXProject "MCMS" */ = {
			isa = XCConfigurationList;
			buildConfigurations = (
				F416EB4819E4679A00341E67 /* Debug */,
				F416EB4919E4679A00341E67 /* Release */,
			);
			defaultConfigurationIsVisible = 0;
			defaultConfigurationName = Release;
		};
		F416EB4A19E4679A00341E67 /* Build configuration list for PBXNativeTarget "MCMS" */ = {
			isa = XCConfigurationList;
			buildConfigurations = (
				F416EB4B19E4679A00341E67 /* Debug */,
				F416EB4C19E4679A00341E67 /* Release */,
			);
			defaultConfigurationIsVisible = 0;
			defaultConfigurationName = Release;
		};
		F416EB4D19E4679A00341E67 /* Build configuration list for PBXNativeTarget "MCMSTests" */ = {
			isa = XCConfigurationList;
			buildConfigurations = (
				F416EB4E19E4679A00341E67 /* Debug */,
				F416EB4F19E4679A00341E67 /* Release */,
			);
			defaultConfigurationIsVisible = 0;
			defaultConfigurationName = Release;
		};
/* End XCConfigurationList section */
	};
	rootObject = F416EB1F19E4679A00341E67 /* Project object */;
}
